
Microsoft Visual Studio Solution File, Format Version 12.00
# Visual Studio Version 16
VisualStudioVersion = 16.0.30621.155
MinimumVisualStudioVersion = 10.0.40219.1
Project("{FAE04EC0-301F-11D3-BF4B-00C04F79EFBC}") = "LTHDT_LAB.4", "LTHDT_LAB.4\LTHDT_LAB.4.csproj", "{06105258-20D4-4EC8-96FA-3A0A252C076B}"
EndProject
Global
	GlobalSection(SolutionConfigurationPlatforms) = preSolution
		Debug|Any CPU = Debug|Any CPU
		Release|Any CPU = Release|Any CPU
	EndGlobalSection
	GlobalSection(ProjectConfigurationPlatforms) = postSolution
		{06105258-20D4-4EC8-96FA-3A0A252C076B}.Debug|Any CPU.ActiveCfg = Debug|Any CPU
		{06105258-20D4-4EC8-96FA-3A0A252C076B}.Debug|Any CPU.Build.0 = Debug|Any CPU
		{06105258-20D4-4EC8-96FA-3A0A252C076B}.Release|Any CPU.ActiveCfg = Release|Any CPU
		{06105258-20D4-4EC8-96FA-3A0A252C076B}.Release|Any CPU.Build.0 = Release|Any CPU
	EndGlobalSection
	GlobalSection(SolutionProperties) = preSolution
		HideSolutionNode = FALSE
	EndGlobalSection
	GlobalSection(ExtensibilityGlobals) = postSolution
		SolutionGuid = {CEE26AA3-5FDA-4AFE-820F-5914C27B36F9}
	EndGlobalSection
EndGlobal
