
Microsoft Visual Studio Solution File, Format Version 12.00
# Visual Studio Version 16
VisualStudioVersion = 16.0.30503.244
MinimumVisualStudioVersion = 10.0.40219.1
Project("{FAE04EC0-301F-11D3-BF4B-00C04F79EFBC}") = "Bai6.1", "Bai6.1\Bai6.1.csproj", "{6AD463E5-786C-4E0F-A59B-A2ED909AC0E1}"
EndProject
Project("{FAE04EC0-301F-11D3-BF4B-00C04F79EFBC}") = "Bai6.2", "..\Bai6.2\Bai6.2.csproj", "{620D52E8-5887-4038-8D82-2AF98E63C6AB}"
EndProject
Global
	GlobalSection(SolutionConfigurationPlatforms) = preSolution
		Debug|Any CPU = Debug|Any CPU
		Release|Any CPU = Release|Any CPU
	EndGlobalSection
	GlobalSection(ProjectConfigurationPlatforms) = postSolution
		{6AD463E5-786C-4E0F-A59B-A2ED909AC0E1}.Debug|Any CPU.ActiveCfg = Debug|Any CPU
		{6AD463E5-786C-4E0F-A59B-A2ED909AC0E1}.Debug|Any CPU.Build.0 = Debug|Any CPU
		{6AD463E5-786C-4E0F-A59B-A2ED909AC0E1}.Release|Any CPU.ActiveCfg = Release|Any CPU
		{6AD463E5-786C-4E0F-A59B-A2ED909AC0E1}.Release|Any CPU.Build.0 = Release|Any CPU
		{620D52E8-5887-4038-8D82-2AF98E63C6AB}.Debug|Any CPU.ActiveCfg = Debug|Any CPU
		{620D52E8-5887-4038-8D82-2AF98E63C6AB}.Debug|Any CPU.Build.0 = Debug|Any CPU
		{620D52E8-5887-4038-8D82-2AF98E63C6AB}.Release|Any CPU.ActiveCfg = Release|Any CPU
		{620D52E8-5887-4038-8D82-2AF98E63C6AB}.Release|Any CPU.Build.0 = Release|Any CPU
	EndGlobalSection
	GlobalSection(SolutionProperties) = preSolution
		HideSolutionNode = FALSE
	EndGlobalSection
	GlobalSection(ExtensibilityGlobals) = postSolution
		SolutionGuid = {4432BF37-2E08-497B-9CE8-5A426C6CAE03}
	EndGlobalSection
EndGlobal
