
Microsoft Visual Studio Solution File, Format Version 12.00
# Visual Studio Version 16
VisualStudioVersion = 16.0.30503.244
MinimumVisualStudioVersion = 10.0.40219.1
Project("{9A19103F-16F7-4668-BE54-9A1E7A4F7556}") = "Bai2.1", "BTLAB2\Bai2.1.csproj", "{76AB163D-0F8B-4A71-B58B-C3EF50237771}"
EndProject
Project("{9A19103F-16F7-4668-BE54-9A1E7A4F7556}") = "Bai2.2", "Bai2.2\Bai2.2.csproj", "{937961CB-8817-4E0C-9456-338753377E7E}"
EndProject
Project("{9A19103F-16F7-4668-BE54-9A1E7A4F7556}") = "Bai2.3", "Bai2.3\Bai2.3.csproj", "{DD7FE45F-FC71-47E3-B713-02B3E012FE8A}"
EndProject
Project("{9A19103F-16F7-4668-BE54-9A1E7A4F7556}") = "Bai2.4", "Bai2.4\Bai2.4.csproj", "{3CB0EE34-DE26-4409-AE6B-87156A967246}"
EndProject
Project("{FAE04EC0-301F-11D3-BF4B-00C04F79EFBC}") = "Bai2.5", "Bai2.5\Bai2.5.csproj", "{7BF47950-A5B3-4F0F-A646-112825AD1E0C}"
EndProject
Global
	GlobalSection(SolutionConfigurationPlatforms) = preSolution
		Debug|Any CPU = Debug|Any CPU
		Release|Any CPU = Release|Any CPU
	EndGlobalSection
	GlobalSection(ProjectConfigurationPlatforms) = postSolution
		{76AB163D-0F8B-4A71-B58B-C3EF50237771}.Debug|Any CPU.ActiveCfg = Debug|Any CPU
		{76AB163D-0F8B-4A71-B58B-C3EF50237771}.Debug|Any CPU.Build.0 = Debug|Any CPU
		{76AB163D-0F8B-4A71-B58B-C3EF50237771}.Release|Any CPU.ActiveCfg = Release|Any CPU
		{76AB163D-0F8B-4A71-B58B-C3EF50237771}.Release|Any CPU.Build.0 = Release|Any CPU
		{937961CB-8817-4E0C-9456-338753377E7E}.Debug|Any CPU.ActiveCfg = Debug|Any CPU
		{937961CB-8817-4E0C-9456-338753377E7E}.Debug|Any CPU.Build.0 = Debug|Any CPU
		{937961CB-8817-4E0C-9456-338753377E7E}.Release|Any CPU.ActiveCfg = Release|Any CPU
		{937961CB-8817-4E0C-9456-338753377E7E}.Release|Any CPU.Build.0 = Release|Any CPU
		{DD7FE45F-FC71-47E3-B713-02B3E012FE8A}.Debug|Any CPU.ActiveCfg = Debug|Any CPU
		{DD7FE45F-FC71-47E3-B713-02B3E012FE8A}.Debug|Any CPU.Build.0 = Debug|Any CPU
		{DD7FE45F-FC71-47E3-B713-02B3E012FE8A}.Release|Any CPU.ActiveCfg = Release|Any CPU
		{DD7FE45F-FC71-47E3-B713-02B3E012FE8A}.Release|Any CPU.Build.0 = Release|Any CPU
		{3CB0EE34-DE26-4409-AE6B-87156A967246}.Debug|Any CPU.ActiveCfg = Debug|Any CPU
		{3CB0EE34-DE26-4409-AE6B-87156A967246}.Debug|Any CPU.Build.0 = Debug|Any CPU
		{3CB0EE34-DE26-4409-AE6B-87156A967246}.Release|Any CPU.ActiveCfg = Release|Any CPU
		{3CB0EE34-DE26-4409-AE6B-87156A967246}.Release|Any CPU.Build.0 = Release|Any CPU
		{7BF47950-A5B3-4F0F-A646-112825AD1E0C}.Debug|Any CPU.ActiveCfg = Debug|Any CPU
		{7BF47950-A5B3-4F0F-A646-112825AD1E0C}.Debug|Any CPU.Build.0 = Debug|Any CPU
		{7BF47950-A5B3-4F0F-A646-112825AD1E0C}.Release|Any CPU.ActiveCfg = Release|Any CPU
		{7BF47950-A5B3-4F0F-A646-112825AD1E0C}.Release|Any CPU.Build.0 = Release|Any CPU
	EndGlobalSection
	GlobalSection(SolutionProperties) = preSolution
		HideSolutionNode = FALSE
	EndGlobalSection
	GlobalSection(ExtensibilityGlobals) = postSolution
		SolutionGuid = {105B3544-F99E-4100-8EB3-9C93BB0E4957}
	EndGlobalSection
EndGlobal
